
Microsoft Visual Studio Solution File, Format Version 12.00
# Visual Studio Version 16
VisualStudioVersion = 16.0.30711.63
MinimumVisualStudioVersion = 10.0.40219.1
Project("{9A19103F-16F7-4668-BE54-9A1E7A4F7556}") = "AssertSaples", "AssertSaples\AssertSaples.csproj", "{5EE4CF60-AD71-4666-9613-3FFB4065E9BA}"
EndProject
Project("{FAE04EC0-301F-11D3-BF4B-00C04F79EFBC}") = "AssertSaples.Tests", "AssertSaples.Tests\AssertSaples.Tests.csproj", "{FAF4E436-142B-41F1-9EC1-8A1033498CDC}"
EndProject
Project("{FAE04EC0-301F-11D3-BF4B-00C04F79EFBC}") = "TestContextSamples", "TestContextSamples\TestContextSamples.csproj", "{7061A411-B124-43E3-8360-1A1775A44F80}"
EndProject
Global
	GlobalSection(SolutionConfigurationPlatforms) = preSolution
		Debug|Any CPU = Debug|Any CPU
		Release|Any CPU = Release|Any CPU
	EndGlobalSection
	GlobalSection(ProjectConfigurationPlatforms) = postSolution
		{5EE4CF60-AD71-4666-9613-3FFB4065E9BA}.Debug|Any CPU.ActiveCfg = Debug|Any CPU
		{5EE4CF60-AD71-4666-9613-3FFB4065E9BA}.Debug|Any CPU.Build.0 = Debug|Any CPU
		{5EE4CF60-AD71-4666-9613-3FFB4065E9BA}.Release|Any CPU.ActiveCfg = Release|Any CPU
		{5EE4CF60-AD71-4666-9613-3FFB4065E9BA}.Release|Any CPU.Build.0 = Release|Any CPU
		{FAF4E436-142B-41F1-9EC1-8A1033498CDC}.Debug|Any CPU.ActiveCfg = Debug|Any CPU
		{FAF4E436-142B-41F1-9EC1-8A1033498CDC}.Debug|Any CPU.Build.0 = Debug|Any CPU
		{FAF4E436-142B-41F1-9EC1-8A1033498CDC}.Release|Any CPU.ActiveCfg = Release|Any CPU
		{FAF4E436-142B-41F1-9EC1-8A1033498CDC}.Release|Any CPU.Build.0 = Release|Any CPU
		{7061A411-B124-43E3-8360-1A1775A44F80}.Debug|Any CPU.ActiveCfg = Debug|Any CPU
		{7061A411-B124-43E3-8360-1A1775A44F80}.Debug|Any CPU.Build.0 = Debug|Any CPU
		{7061A411-B124-43E3-8360-1A1775A44F80}.Release|Any CPU.ActiveCfg = Release|Any CPU
		{7061A411-B124-43E3-8360-1A1775A44F80}.Release|Any CPU.Build.0 = Release|Any CPU
	EndGlobalSection
	GlobalSection(SolutionProperties) = preSolution
		HideSolutionNode = FALSE
	EndGlobalSection
	GlobalSection(ExtensibilityGlobals) = postSolution
		SolutionGuid = {1C6AEEBE-A4A5-430F-8043-1405DF10E26D}
	EndGlobalSection
EndGlobal
